{
	"name": "@cataclym/discord.js-pagination-ts-nsb",
	"version": "2.0.0",
	"lockfileVersion": 2,
	"requires": true,
	"packages": {
		"": {
			"name": "@cataclym/discord.js-pagination-ts-nsb",
			"version": "2.0.0",
			"hasInstallScript": true,
			"license": "MIT",
			"devDependencies": {
				"@types/node": "^14.0.14",
				"@types/ws": "^7.2.6",
				"discord.js": "github:discordjs/discord.js",
				"typescript": "^4.3.5"
			}
		},
		"node_modules/@discordjs/builders": {
			"version": "0.2.0",
			"resolved": "https://registry.npmjs.org/@discordjs/builders/-/builders-0.2.0.tgz",
			"integrity": "sha512-TVq7NZBCJrrTRc3CfxOr3IdgY5nrtqVxZ7qDUF1mN6LgxIiOldmFxsSwMrQBzLFVmOwqFyNLKCeblley8UpEuw==",
			"dev": true,
			"dependencies": {
				"discord-api-types": "^0.18.1",
				"tslib": "^2.3.0"
			},
			"engines": {
				"node": ">=14.0.0",
				"npm": ">=7.0.0"
			}
		},
		"node_modules/@discordjs/builders/node_modules/discord-api-types": {
			"version": "0.18.1",
			"resolved": "https://registry.npmjs.org/discord-api-types/-/discord-api-types-0.18.1.tgz",
			"integrity": "sha512-hNC38R9ZF4uaujaZQtQfm5CdQO58uhdkoHQAVvMfIL0LgOSZeW575W8H6upngQOuoxWd8tiRII3LLJm9zuQKYg==",
			"dev": true,
			"engines": {
				"node": ">=12"
			}
		},
		"node_modules/@discordjs/collection": {
			"version": "0.1.6",
			"resolved": "https://registry.npmjs.org/@discordjs/collection/-/collection-0.1.6.tgz",
			"integrity": "sha512-utRNxnd9kSS2qhyivo9lMlt5qgAUasH2gb7BEOn6p0efFh24gjGomHzWKMAPn2hEReOPQZCJaRKoURwRotKucQ==",
			"dev": true
		},
		"node_modules/@discordjs/form-data": {
			"version": "3.0.1",
			"resolved": "https://registry.npmjs.org/@discordjs/form-data/-/form-data-3.0.1.tgz",
			"integrity": "sha512-ZfFsbgEXW71Rw/6EtBdrP5VxBJy4dthyC0tpQKGKmYFImlmmrykO14Za+BiIVduwjte0jXEBlhSKf0MWbFp9Eg==",
			"dev": true,
			"dependencies": {
				"asynckit": "^0.4.0",
				"combined-stream": "^1.0.8",
				"mime-types": "^2.1.12"
			},
			"engines": {
				"node": ">= 6"
			}
		},
		"node_modules/@sapphire/async-queue": {
			"version": "1.1.4",
			"resolved": "https://registry.npmjs.org/@sapphire/async-queue/-/async-queue-1.1.4.tgz",
			"integrity": "sha512-fFrlF/uWpGOX5djw5Mu2Hnnrunao75WGey0sP0J3jnhmrJ5TAPzHYOmytD5iN/+pMxS+f+u/gezqHa9tPhRHEA==",
			"dev": true,
			"engines": {
				"node": ">=14",
				"npm": ">=6"
			}
		},
		"node_modules/@types/node": {
			"version": "14.11.5",
			"resolved": "https://registry.npmjs.org/@types/node/-/node-14.11.5.tgz",
			"integrity": "sha512-jVFzDV6NTbrLMxm4xDSIW/gKnk8rQLF9wAzLWIOg+5nU6ACrIMndeBdXci0FGtqJbP9tQvm6V39eshc96TO2wQ==",
			"dev": true
		},
		"node_modules/@types/ws": {
			"version": "7.2.7",
			"resolved": "https://registry.npmjs.org/@types/ws/-/ws-7.2.7.tgz",
			"integrity": "sha512-UUFC/xxqFLP17hTva8/lVT0SybLUrfSD9c+iapKb0fEiC8uoDbA+xuZ3pAN603eW+bY8ebSMLm9jXdIPnD0ZgA==",
			"dev": true,
			"dependencies": {
				"@types/node": "*"
			}
		},
		"node_modules/abort-controller": {
			"version": "3.0.0",
			"resolved": "https://registry.npmjs.org/abort-controller/-/abort-controller-3.0.0.tgz",
			"integrity": "sha512-h8lQ8tacZYnR3vNQTgibj+tODHI5/+l06Au2Pcriv/Gmet0eaj4TwWH41sO9wnHDiQsEj19q0drzdWdeAHtweg==",
			"dev": true,
			"dependencies": {
				"event-target-shim": "^5.0.0"
			},
			"engines": {
				"node": ">=6.5"
			}
		},
		"node_modules/asynckit": {
			"version": "0.4.0",
			"resolved": "https://registry.npmjs.org/asynckit/-/asynckit-0.4.0.tgz",
			"integrity": "sha1-x57Zf380y48robyXkLzDZkdLS3k=",
			"dev": true
		},
		"node_modules/combined-stream": {
			"version": "1.0.8",
			"resolved": "https://registry.npmjs.org/combined-stream/-/combined-stream-1.0.8.tgz",
			"integrity": "sha512-FQN4MRfuJeHf7cBbBMJFXhKSDq+2kAArBlmRBvcvFE5BB1HZKXtSFASDhdlz9zOYwxh8lDdnvmMOe/+5cdoEdg==",
			"dev": true,
			"dependencies": {
				"delayed-stream": "~1.0.0"
			},
			"engines": {
				"node": ">= 0.8"
			}
		},
		"node_modules/delayed-stream": {
			"version": "1.0.0",
			"resolved": "https://registry.npmjs.org/delayed-stream/-/delayed-stream-1.0.0.tgz",
			"integrity": "sha1-3zrhmayt+31ECqrgsp4icrJOxhk=",
			"dev": true,
			"engines": {
				"node": ">=0.4.0"
			}
		},
		"node_modules/discord-api-types": {
			"version": "0.19.0",
			"resolved": "https://registry.npmjs.org/discord-api-types/-/discord-api-types-0.19.0.tgz",
			"integrity": "sha512-t2HKLd43Lbe+rf+ffYfKVv9Kk5f6p7sFqvO6CMV55ZB0PgZv8WigCkt9FoJciYo5S3Q6CGYK+WnE/ZG+6vkBDQ==",
			"dev": true,
			"engines": {
				"node": ">=12"
			}
		},
		"node_modules/discord.js": {
			"version": "13.0.0-dev",
			"resolved": "git+ssh://git@github.com/discordjs/discord.js.git#870a0de53c01331c9357df4808fc0979ff17b9a4",
			"dev": true,
			"license": "Apache-2.0",
			"dependencies": {
				"@discordjs/builders": "^0.2.0",
				"@discordjs/collection": "^0.1.6",
				"@discordjs/form-data": "^3.0.1",
				"@sapphire/async-queue": "^1.1.4",
				"@types/ws": "^7.4.5",
				"abort-controller": "^3.0.0",
				"discord-api-types": "^0.19.0",
				"node-fetch": "^2.6.1",
				"ws": "^7.5.1"
			},
			"engines": {
				"node": ">=14.0.0",
				"npm": ">=7.0.0"
			}
		},
		"node_modules/discord.js/node_modules/@types/ws": {
			"version": "7.4.6",
			"resolved": "https://registry.npmjs.org/@types/ws/-/ws-7.4.6.tgz",
			"integrity": "sha512-ijZ1vzRawI7QoWnTNL8KpHixd2b2XVb9I9HAqI3triPsh1EC0xH0Eg6w2O3TKbDCgiNNlJqfrof6j4T2I+l9vw==",
			"dev": true,
			"dependencies": {
				"@types/node": "*"
			}
		},
		"node_modules/event-target-shim": {
			"version": "5.0.1",
			"resolved": "https://registry.npmjs.org/event-target-shim/-/event-target-shim-5.0.1.tgz",
			"integrity": "sha512-i/2XbnSz/uxRCU6+NdVJgKWDTM427+MqYbkQzD321DuCQJUqOuJKIA0IM2+W2xtYHdKOmZ4dR6fExsd4SXL+WQ==",
			"dev": true,
			"engines": {
				"node": ">=6"
			}
		},
		"node_modules/mime-db": {
			"version": "1.48.0",
			"resolved": "https://registry.npmjs.org/mime-db/-/mime-db-1.48.0.tgz",
			"integrity": "sha512-FM3QwxV+TnZYQ2aRqhlKBMHxk10lTbMt3bBkMAp54ddrNeVSfcQYOOKuGuy3Ddrm38I04If834fOUSq1yzslJQ==",
			"dev": true,
			"engines": {
				"node": ">= 0.6"
			}
		},
		"node_modules/mime-types": {
			"version": "2.1.31",
			"resolved": "https://registry.npmjs.org/mime-types/-/mime-types-2.1.31.tgz",
			"integrity": "sha512-XGZnNzm3QvgKxa8dpzyhFTHmpP3l5YNusmne07VUOXxou9CqUqYa/HBy124RqtVh/O2pECas/MOcsDgpilPOPg==",
			"dev": true,
			"dependencies": {
				"mime-db": "1.48.0"
			},
			"engines": {
				"node": ">= 0.6"
			}
		},
		"node_modules/node-fetch": {
			"version": "2.6.1",
			"resolved": "https://registry.npmjs.org/node-fetch/-/node-fetch-2.6.1.tgz",
			"integrity": "sha512-V4aYg89jEoVRxRb2fJdAg8FHvI7cEyYdVAh94HH0UIK8oJxUfkjlDQN9RbMx+bEjP7+ggMiFRprSti032Oipxw==",
			"dev": true,
			"engines": {
				"node": "4.x || >=6.0.0"
			}
		},
		"node_modules/tslib": {
			"version": "2.3.0",
			"resolved": "https://registry.npmjs.org/tslib/-/tslib-2.3.0.tgz",
			"integrity": "sha512-N82ooyxVNm6h1riLCoyS9e3fuJ3AMG2zIZs2Gd1ATcSFjSA23Q0fzjjZeh0jbJvWVDZ0cJT8yaNNaaXHzueNjg==",
			"dev": true
		},
		"node_modules/typescript": {
			"version": "4.3.5",
			"resolved": "https://registry.npmjs.org/typescript/-/typescript-4.3.5.tgz",
			"integrity": "sha512-DqQgihaQ9cUrskJo9kIyW/+g0Vxsk8cDtZ52a3NGh0YNTfpUSArXSohyUGnvbPazEPLu398C0UxmKSOrPumUzA==",
			"dev": true,
			"bin": {
				"tsc": "bin/tsc",
				"tsserver": "bin/tsserver"
			},
			"engines": {
				"node": ">=4.2.0"
			}
		},
		"node_modules/ws": {
			"version": "7.5.2",
			"resolved": "https://registry.npmjs.org/ws/-/ws-7.5.2.tgz",
			"integrity": "sha512-lkF7AWRicoB9mAgjeKbGqVUekLnSNO4VjKVnuPHpQeOxZOErX6BPXwJk70nFslRCEEA8EVW7ZjKwXaP9N+1sKQ==",
			"dev": true,
			"engines": {
				"node": ">=8.3.0"
			}
		}
	},
	"dependencies": {
		"@discordjs/builders": {
			"version": "0.2.0",
			"resolved": "https://registry.npmjs.org/@discordjs/builders/-/builders-0.2.0.tgz",
			"integrity": "sha512-TVq7NZBCJrrTRc3CfxOr3IdgY5nrtqVxZ7qDUF1mN6LgxIiOldmFxsSwMrQBzLFVmOwqFyNLKCeblley8UpEuw==",
			"dev": true,
			"requires": {
				"discord-api-types": "^0.18.1",
				"tslib": "^2.3.0"
			},
			"dependencies": {
				"discord-api-types": {
					"version": "0.18.1",
					"resolved": "https://registry.npmjs.org/discord-api-types/-/discord-api-types-0.18.1.tgz",
					"integrity": "sha512-hNC38R9ZF4uaujaZQtQfm5CdQO58uhdkoHQAVvMfIL0LgOSZeW575W8H6upngQOuoxWd8tiRII3LLJm9zuQKYg==",
					"dev": true
				}
			}
		},
		"@discordjs/collection": {
			"version": "0.1.6",
			"resolved": "https://registry.npmjs.org/@discordjs/collection/-/collection-0.1.6.tgz",
			"integrity": "sha512-utRNxnd9kSS2qhyivo9lMlt5qgAUasH2gb7BEOn6p0efFh24gjGomHzWKMAPn2hEReOPQZCJaRKoURwRotKucQ==",
			"dev": true
		},
		"@discordjs/form-data": {
			"version": "3.0.1",
			"resolved": "https://registry.npmjs.org/@discordjs/form-data/-/form-data-3.0.1.tgz",
			"integrity": "sha512-ZfFsbgEXW71Rw/6EtBdrP5VxBJy4dthyC0tpQKGKmYFImlmmrykO14Za+BiIVduwjte0jXEBlhSKf0MWbFp9Eg==",
			"dev": true,
			"requires": {
				"asynckit": "^0.4.0",
				"combined-stream": "^1.0.8",
				"mime-types": "^2.1.12"
			}
		},
		"@sapphire/async-queue": {
			"version": "1.1.4",
			"resolved": "https://registry.npmjs.org/@sapphire/async-queue/-/async-queue-1.1.4.tgz",
			"integrity": "sha512-fFrlF/uWpGOX5djw5Mu2Hnnrunao75WGey0sP0J3jnhmrJ5TAPzHYOmytD5iN/+pMxS+f+u/gezqHa9tPhRHEA==",
			"dev": true
		},
		"@types/node": {
			"version": "14.11.5",
			"resolved": "https://registry.npmjs.org/@types/node/-/node-14.11.5.tgz",
			"integrity": "sha512-jVFzDV6NTbrLMxm4xDSIW/gKnk8rQLF9wAzLWIOg+5nU6ACrIMndeBdXci0FGtqJbP9tQvm6V39eshc96TO2wQ==",
			"dev": true
		},
		"@types/ws": {
			"version": "7.2.7",
			"resolved": "https://registry.npmjs.org/@types/ws/-/ws-7.2.7.tgz",
			"integrity": "sha512-UUFC/xxqFLP17hTva8/lVT0SybLUrfSD9c+iapKb0fEiC8uoDbA+xuZ3pAN603eW+bY8ebSMLm9jXdIPnD0ZgA==",
			"dev": true,
			"requires": {
				"@types/node": "*"
			}
		},
		"abort-controller": {
			"version": "3.0.0",
			"resolved": "https://registry.npmjs.org/abort-controller/-/abort-controller-3.0.0.tgz",
			"integrity": "sha512-h8lQ8tacZYnR3vNQTgibj+tODHI5/+l06Au2Pcriv/Gmet0eaj4TwWH41sO9wnHDiQsEj19q0drzdWdeAHtweg==",
			"dev": true,
			"requires": {
				"event-target-shim": "^5.0.0"
			}
		},
		"asynckit": {
			"version": "0.4.0",
			"resolved": "https://registry.npmjs.org/asynckit/-/asynckit-0.4.0.tgz",
			"integrity": "sha1-x57Zf380y48robyXkLzDZkdLS3k=",
			"dev": true
		},
		"combined-stream": {
			"version": "1.0.8",
			"resolved": "https://registry.npmjs.org/combined-stream/-/combined-stream-1.0.8.tgz",
			"integrity": "sha512-FQN4MRfuJeHf7cBbBMJFXhKSDq+2kAArBlmRBvcvFE5BB1HZKXtSFASDhdlz9zOYwxh8lDdnvmMOe/+5cdoEdg==",
			"dev": true,
			"requires": {
				"delayed-stream": "~1.0.0"
			}
		},
		"delayed-stream": {
			"version": "1.0.0",
			"resolved": "https://registry.npmjs.org/delayed-stream/-/delayed-stream-1.0.0.tgz",
			"integrity": "sha1-3zrhmayt+31ECqrgsp4icrJOxhk=",
			"dev": true
		},
		"discord-api-types": {
			"version": "0.19.0",
			"resolved": "https://registry.npmjs.org/discord-api-types/-/discord-api-types-0.19.0.tgz",
			"integrity": "sha512-t2HKLd43Lbe+rf+ffYfKVv9Kk5f6p7sFqvO6CMV55ZB0PgZv8WigCkt9FoJciYo5S3Q6CGYK+WnE/ZG+6vkBDQ==",
			"dev": true
		},
		"discord.js": {
			"version": "git+ssh://git@github.com/discordjs/discord.js.git#870a0de53c01331c9357df4808fc0979ff17b9a4",
			"dev": true,
			"from": "discord.js@github:discordjs/discord.js",
			"requires": {
				"@discordjs/builders": "^0.2.0",
				"@discordjs/collection": "^0.1.6",
				"@discordjs/form-data": "^3.0.1",
				"@sapphire/async-queue": "^1.1.4",
				"@types/ws": "^7.4.5",
				"abort-controller": "^3.0.0",
				"discord-api-types": "^0.19.0",
				"node-fetch": "^2.6.1",
				"ws": "^7.5.1"
			},
			"dependencies": {
				"@types/ws": {
					"version": "7.4.6",
					"resolved": "https://registry.npmjs.org/@types/ws/-/ws-7.4.6.tgz",
					"integrity": "sha512-ijZ1vzRawI7QoWnTNL8KpHixd2b2XVb9I9HAqI3triPsh1EC0xH0Eg6w2O3TKbDCgiNNlJqfrof6j4T2I+l9vw==",
					"dev": true,
					"requires": {
						"@types/node": "*"
					}
				}
			}
		},
		"event-target-shim": {
			"version": "5.0.1",
			"resolved": "https://registry.npmjs.org/event-target-shim/-/event-target-shim-5.0.1.tgz",
			"integrity": "sha512-i/2XbnSz/uxRCU6+NdVJgKWDTM427+MqYbkQzD321DuCQJUqOuJKIA0IM2+W2xtYHdKOmZ4dR6fExsd4SXL+WQ==",
			"dev": true
		},
		"mime-db": {
			"version": "1.48.0",
			"resolved": "https://registry.npmjs.org/mime-db/-/mime-db-1.48.0.tgz",
			"integrity": "sha512-FM3QwxV+TnZYQ2aRqhlKBMHxk10lTbMt3bBkMAp54ddrNeVSfcQYOOKuGuy3Ddrm38I04If834fOUSq1yzslJQ==",
			"dev": true
		},
		"mime-types": {
			"version": "2.1.31",
			"resolved": "https://registry.npmjs.org/mime-types/-/mime-types-2.1.31.tgz",
			"integrity": "sha512-XGZnNzm3QvgKxa8dpzyhFTHmpP3l5YNusmne07VUOXxou9CqUqYa/HBy124RqtVh/O2pECas/MOcsDgpilPOPg==",
			"dev": true,
			"requires": {
				"mime-db": "1.48.0"
			}
		},
		"node-fetch": {
			"version": "2.6.1",
			"resolved": "https://registry.npmjs.org/node-fetch/-/node-fetch-2.6.1.tgz",
			"integrity": "sha512-V4aYg89jEoVRxRb2fJdAg8FHvI7cEyYdVAh94HH0UIK8oJxUfkjlDQN9RbMx+bEjP7+ggMiFRprSti032Oipxw==",
			"dev": true
		},
		"tslib": {
			"version": "2.3.0",
			"resolved": "https://registry.npmjs.org/tslib/-/tslib-2.3.0.tgz",
			"integrity": "sha512-N82ooyxVNm6h1riLCoyS9e3fuJ3AMG2zIZs2Gd1ATcSFjSA23Q0fzjjZeh0jbJvWVDZ0cJT8yaNNaaXHzueNjg==",
			"dev": true
		},
		"typescript": {
			"version": "4.3.5",
			"resolved": "https://registry.npmjs.org/typescript/-/typescript-4.3.5.tgz",
			"integrity": "sha512-DqQgihaQ9cUrskJo9kIyW/+g0Vxsk8cDtZ52a3NGh0YNTfpUSArXSohyUGnvbPazEPLu398C0UxmKSOrPumUzA==",
			"dev": true
		},
		"ws": {
			"version": "7.5.2",
			"resolved": "https://registry.npmjs.org/ws/-/ws-7.5.2.tgz",
			"integrity": "sha512-lkF7AWRicoB9mAgjeKbGqVUekLnSNO4VjKVnuPHpQeOxZOErX6BPXwJk70nFslRCEEA8EVW7ZjKwXaP9N+1sKQ==",
			"dev": true
		}
	}
}
